// !$*UTF8*$!
{
	archiveVersion = 1;
	classes = {
	};
	objectVersion = 60;
	objects = {

/* Begin PBXBuildFile section */
		3B694FC92C74D73500CC2BE1 /* virtualShoesApp.swift in Sources */ = {isa = PBXBuildFile; fileRef = 3B694FC82C74D73500CC2BE1 /* virtualShoesApp.swift */; };
		3B694FCB2C74D73500CC2BE1 /* ContentView.swift in Sources */ = {isa = PBXBuildFile; fileRef = 3B694FCA2C74D73500CC2BE1 /* ContentView.swift */; };
		3B694FCD2C74D73700CC2BE1 /* Assets.xcassets in Resources */ = {isa = PBXBuildFile; fileRef = 3B694FCC2C74D73700CC2BE1 /* Assets.xcassets */; };
		3B694FD02C74D73700CC2BE1 /* Preview Assets.xcassets in Resources */ = {isa = PBXBuildFile; fileRef = 3B694FCF2C74D73700CC2BE1 /* Preview Assets.xcassets */; };
		3B694FDD2C74D89800CC2BE1 /* shoes3D in Frameworks */ = {isa = PBXBuildFile; productRef = 3B694FDC2C74D89800CC2BE1 /* shoes3D */; };
		3B694FE02C74D9DA00CC2BE1 /* shoes.json in Resources */ = {isa = PBXBuildFile; fileRef = 3B694FDF2C74D9D800CC2BE1 /* shoes.json */; };
		3B694FE22C74DB1C00CC2BE1 /* ShoesModel.swift in Sources */ = {isa = PBXBuildFile; fileRef = 3B694FE12C74DB1C00CC2BE1 /* ShoesModel.swift */; };
		3B694FE42C74E1B200CC2BE1 /* shoeDetail.swift in Sources */ = {isa = PBXBuildFile; fileRef = 3B694FE32C74E1B200CC2BE1 /* shoeDetail.swift */; };
		3B694FE62C74E4E000CC2BE1 /* JSONInteractor.swift in Sources */ = {isa = PBXBuildFile; fileRef = 3B694FE52C74E4E000CC2BE1 /* JSONInteractor.swift */; };
		3B694FE82C74E50E00CC2BE1 /* DataInteractor.swift in Sources */ = {isa = PBXBuildFile; fileRef = 3B694FE72C74E50E00CC2BE1 /* DataInteractor.swift */; };
		3B694FEA2C74E7A300CC2BE1 /* modelDTO.swift in Sources */ = {isa = PBXBuildFile; fileRef = 3B694FE92C74E7A300CC2BE1 /* modelDTO.swift */; };
		3B694FEC2C74F35600CC2BE1 /* ShoesViewModel.swift in Sources */ = {isa = PBXBuildFile; fileRef = 3B694FEB2C74F35600CC2BE1 /* ShoesViewModel.swift */; };
		3B694FEE2C74F6DB00CC2BE1 /* shoesTest.json in Resources */ = {isa = PBXBuildFile; fileRef = 3B694FED2C74F6DB00CC2BE1 /* shoesTest.json */; };
		3B694FF02C74F81400CC2BE1 /* DataTest.swift in Sources */ = {isa = PBXBuildFile; fileRef = 3B694FEF2C74F81400CC2BE1 /* DataTest.swift */; };
/* End PBXBuildFile section */

/* Begin PBXFileReference section */
		3B694FC12C74D73500CC2BE1 /* virtualShoes.app */ = {isa = PBXFileReference; explicitFileType = wrapper.application; includeInIndex = 0; path = virtualShoes.app; sourceTree = BUILT_PRODUCTS_DIR; };
		3B694FC82C74D73500CC2BE1 /* virtualShoesApp.swift */ = {isa = PBXFileReference; lastKnownFileType = sourcecode.swift; path = virtualShoesApp.swift; sourceTree = "<group>"; };
		3B694FCA2C74D73500CC2BE1 /* ContentView.swift */ = {isa = PBXFileReference; lastKnownFileType = sourcecode.swift; path = ContentView.swift; sourceTree = "<group>"; };
		3B694FCC2C74D73700CC2BE1 /* Assets.xcassets */ = {isa = PBXFileReference; lastKnownFileType = folder.assetcatalog; path = Assets.xcassets; sourceTree = "<group>"; };
		3B694FCF2C74D73700CC2BE1 /* Preview Assets.xcassets */ = {isa = PBXFileReference; lastKnownFileType = folder.assetcatalog; path = "Preview Assets.xcassets"; sourceTree = "<group>"; };
		3B694FD12C74D73700CC2BE1 /* Info.plist */ = {isa = PBXFileReference; lastKnownFileType = text.plist.xml; path = Info.plist; sourceTree = "<group>"; };
		3B694FDF2C74D9D800CC2BE1 /* shoes.json */ = {isa = PBXFileReference; fileEncoding = 4; lastKnownFileType = text.json; path = shoes.json; sourceTree = "<group>"; };
		3B694FE12C74DB1C00CC2BE1 /* ShoesModel.swift */ = {isa = PBXFileReference; lastKnownFileType = sourcecode.swift; path = ShoesModel.swift; sourceTree = "<group>"; };
		3B694FE32C74E1B200CC2BE1 /* shoeDetail.swift */ = {isa = PBXFileReference; lastKnownFileType = sourcecode.swift; path = shoeDetail.swift; sourceTree = "<group>"; };
		3B694FE52C74E4E000CC2BE1 /* JSONInteractor.swift */ = {isa = PBXFileReference; lastKnownFileType = sourcecode.swift; path = JSONInteractor.swift; sourceTree = "<group>"; };
		3B694FE72C74E50E00CC2BE1 /* DataInteractor.swift */ = {isa = PBXFileReference; lastKnownFileType = sourcecode.swift; path = DataInteractor.swift; sourceTree = "<group>"; };
		3B694FE92C74E7A300CC2BE1 /* modelDTO.swift */ = {isa = PBXFileReference; lastKnownFileType = sourcecode.swift; path = modelDTO.swift; sourceTree = "<group>"; };
		3B694FEB2C74F35600CC2BE1 /* ShoesViewModel.swift */ = {isa = PBXFileReference; lastKnownFileType = sourcecode.swift; path = ShoesViewModel.swift; sourceTree = "<group>"; };
		3B694FED2C74F6DB00CC2BE1 /* shoesTest.json */ = {isa = PBXFileReference; fileEncoding = 4; lastKnownFileType = text.json; name = shoesTest.json; path = virtualShoes/shoesTest.json; sourceTree = SOURCE_ROOT; };
		3B694FEF2C74F81400CC2BE1 /* DataTest.swift */ = {isa = PBXFileReference; lastKnownFileType = sourcecode.swift; path = DataTest.swift; sourceTree = "<group>"; };
/* End PBXFileReference section */

/* Begin PBXFrameworksBuildPhase section */
		3B694FBE2C74D73500CC2BE1 /* Frameworks */ = {
			isa = PBXFrameworksBuildPhase;
			buildActionMask = 2147483647;
			files = (
				3B694FDD2C74D89800CC2BE1 /* shoes3D in Frameworks */,
			);
			runOnlyForDeploymentPostprocessing = 0;
		};
/* End PBXFrameworksBuildPhase section */

/* Begin PBXGroup section */
		3B694FB82C74D73500CC2BE1 = {
			isa = PBXGroup;
			children = (
				3B694FC32C74D73500CC2BE1 /* virtualShoes */,
				3B694FC42C74D73500CC2BE1 /* Packages */,
				3B694FC22C74D73500CC2BE1 /* Products */,
			);
			sourceTree = "<group>";
		};
		3B694FC22C74D73500CC2BE1 /* Products */ = {
			isa = PBXGroup;
			children = (
				3B694FC12C74D73500CC2BE1 /* virtualShoes.app */,
			);
			name = Products;
			sourceTree = "<group>";
		};
		3B694FC32C74D73500CC2BE1 /* virtualShoes */ = {
			isa = PBXGroup;
			children = (
				3B694FC82C74D73500CC2BE1 /* virtualShoesApp.swift */,
				3B694FCA2C74D73500CC2BE1 /* ContentView.swift */,
				3B694FE32C74E1B200CC2BE1 /* shoeDetail.swift */,
				3B694FD72C74D7E900CC2BE1 /* ViewModel */,
				3B694FD92C74D80E00CC2BE1 /* Interactor */,
				3B694FDE2C74D95D00CC2BE1 /* Model */,
				3B694FD82C74D7F700CC2BE1 /* Resources */,
				3B694FDA2C74D81F00CC2BE1 /* System */,
				3B694FCE2C74D73700CC2BE1 /* Preview Content */,
			);
			path = virtualShoes;
			sourceTree = "<group>";
		};
		3B694FC42C74D73500CC2BE1 /* Packages */ = {
			isa = PBXGroup;
			children = (
			);
			path = Packages;
			sourceTree = "<group>";
		};
		3B694FCE2C74D73700CC2BE1 /* Preview Content */ = {
			isa = PBXGroup;
			children = (
				3B694FED2C74F6DB00CC2BE1 /* shoesTest.json */,
				3B694FCF2C74D73700CC2BE1 /* Preview Assets.xcassets */,
				3B694FEF2C74F81400CC2BE1 /* DataTest.swift */,
			);
			path = "Preview Content";
			sourceTree = "<group>";
		};
		3B694FD72C74D7E900CC2BE1 /* ViewModel */ = {
			isa = PBXGroup;
			children = (
				3B694FEB2C74F35600CC2BE1 /* ShoesViewModel.swift */,
			);
			name = ViewModel;
			sourceTree = "<group>";
		};
		3B694FD82C74D7F700CC2BE1 /* Resources */ = {
			isa = PBXGroup;
			children = (
				3B694FDF2C74D9D800CC2BE1 /* shoes.json */,
			);
			name = Resources;
			sourceTree = "<group>";
		};
		3B694FD92C74D80E00CC2BE1 /* Interactor */ = {
			isa = PBXGroup;
			children = (
				3B694FE52C74E4E000CC2BE1 /* JSONInteractor.swift */,
				3B694FE72C74E50E00CC2BE1 /* DataInteractor.swift */,
			);
			name = Interactor;
			sourceTree = "<group>";
		};
		3B694FDA2C74D81F00CC2BE1 /* System */ = {
			isa = PBXGroup;
			children = (
				3B694FD12C74D73700CC2BE1 /* Info.plist */,
				3B694FCC2C74D73700CC2BE1 /* Assets.xcassets */,
			);
			name = System;
			sourceTree = "<group>";
		};
		3B694FDE2C74D95D00CC2BE1 /* Model */ = {
			isa = PBXGroup;
			children = (
				3B694FE12C74DB1C00CC2BE1 /* ShoesModel.swift */,
				3B694FE92C74E7A300CC2BE1 /* modelDTO.swift */,
			);
			name = Model;
			sourceTree = "<group>";
		};
/* End PBXGroup section */

/* Begin PBXNativeTarget section */
		3B694FC02C74D73500CC2BE1 /* virtualShoes */ = {
			isa = PBXNativeTarget;
			buildConfigurationList = 3B694FD42C74D73700CC2BE1 /* Build configuration list for PBXNativeTarget "virtualShoes" */;
			buildPhases = (
				3B694FBD2C74D73500CC2BE1 /* Sources */,
				3B694FBE2C74D73500CC2BE1 /* Frameworks */,
				3B694FBF2C74D73500CC2BE1 /* Resources */,
			);
			buildRules = (
			);
			dependencies = (
			);
			name = virtualShoes;
			packageProductDependencies = (
				3B694FDC2C74D89800CC2BE1 /* shoes3D */,
			);
			productName = virtualShoes;
			productReference = 3B694FC12C74D73500CC2BE1 /* virtualShoes.app */;
			productType = "com.apple.product-type.application";
		};
/* End PBXNativeTarget section */

/* Begin PBXProject section */
		3B694FB92C74D73500CC2BE1 /* Project object */ = {
			isa = PBXProject;
			attributes = {
				BuildIndependentTargetsInParallel = 1;
				LastSwiftUpdateCheck = 1540;
				LastUpgradeCheck = 1540;
				TargetAttributes = {
					3B694FC02C74D73500CC2BE1 = {
						CreatedOnToolsVersion = 15.4;
					};
				};
			};
			buildConfigurationList = 3B694FBC2C74D73500CC2BE1 /* Build configuration list for PBXProject "virtualShoes" */;
			compatibilityVersion = "Xcode 14.0";
			developmentRegion = en;
			hasScannedForEncodings = 0;
			knownRegions = (
				en,
				Base,
			);
			mainGroup = 3B694FB82C74D73500CC2BE1;
			packageReferences = (
				3B694FDB2C74D89800CC2BE1 /* XCLocalSwiftPackageReference "../shoes3D" */,
			);
			productRefGroup = 3B694FC22C74D73500CC2BE1 /* Products */;
			projectDirPath = "";
			projectRoot = "";
			targets = (
				3B694FC02C74D73500CC2BE1 /* virtualShoes */,
			);
		};
/* End PBXProject section */

/* Begin PBXResourcesBuildPhase section */
		3B694FBF2C74D73500CC2BE1 /* Resources */ = {
			isa = PBXResourcesBuildPhase;
			buildActionMask = 2147483647;
			files = (
				3B694FEE2C74F6DB00CC2BE1 /* shoesTest.json in Resources */,
				3B694FD02C74D73700CC2BE1 /* Preview Assets.xcassets in Resources */,
				3B694FE02C74D9DA00CC2BE1 /* shoes.json in Resources */,
				3B694FCD2C74D73700CC2BE1 /* Assets.xcassets in Resources */,
			);
			runOnlyForDeploymentPostprocessing = 0;
		};
/* End PBXResourcesBuildPhase section */

/* Begin PBXSourcesBuildPhase section */
		3B694FBD2C74D73500CC2BE1 /* Sources */ = {
			isa = PBXSourcesBuildPhase;
			buildActionMask = 2147483647;
			files = (
				3B694FEA2C74E7A300CC2BE1 /* modelDTO.swift in Sources */,
				3B694FE82C74E50E00CC2BE1 /* DataInteractor.swift in Sources */,
				3B694FCB2C74D73500CC2BE1 /* ContentView.swift in Sources */,
				3B694FE62C74E4E000CC2BE1 /* JSONInteractor.swift in Sources */,
				3B694FE42C74E1B200CC2BE1 /* shoeDetail.swift in Sources */,
				3B694FEC2C74F35600CC2BE1 /* ShoesViewModel.swift in Sources */,
				3B694FC92C74D73500CC2BE1 /* virtualShoesApp.swift in Sources */,
				3B694FF02C74F81400CC2BE1 /* DataTest.swift in Sources */,
				3B694FE22C74DB1C00CC2BE1 /* ShoesModel.swift in Sources */,
			);
			runOnlyForDeploymentPostprocessing = 0;
		};
/* End PBXSourcesBuildPhase section */

/* Begin XCBuildConfiguration section */
		3B694FD22C74D73700CC2BE1 /* Debug */ = {
			isa = XCBuildConfiguration;
			buildSettings = {
				ALWAYS_SEARCH_USER_PATHS = NO;
				ASSETCATALOG_COMPILER_GENERATE_SWIFT_ASSET_SYMBOL_EXTENSIONS = YES;
				CLANG_ANALYZER_NONNULL = YES;
				CLANG_ANALYZER_NUMBER_OBJECT_CONVERSION = YES_AGGRESSIVE;
				CLANG_CXX_LANGUAGE_STANDARD = "gnu++20";
				CLANG_ENABLE_MODULES = YES;
				CLANG_ENABLE_OBJC_ARC = YES;
				CLANG_ENABLE_OBJC_WEAK = YES;
				CLANG_WARN_BLOCK_CAPTURE_AUTORELEASING = YES;
				CLANG_WARN_BOOL_CONVERSION = YES;
				CLANG_WARN_COMMA = YES;
				CLANG_WARN_CONSTANT_CONVERSION = YES;
				CLANG_WARN_DEPRECATED_OBJC_IMPLEMENTATIONS = YES;
				CLANG_WARN_DIRECT_OBJC_ISA_USAGE = YES_ERROR;
				CLANG_WARN_DOCUMENTATION_COMMENTS = YES;
				CLANG_WARN_EMPTY_BODY = YES;
				CLANG_WARN_ENUM_CONVERSION = YES;
				CLANG_WARN_INFINITE_RECURSION = YES;
				CLANG_WARN_INT_CONVERSION = YES;
				CLANG_WARN_NON_LITERAL_NULL_CONVERSION = YES;
				CLANG_WARN_OBJC_IMPLICIT_RETAIN_SELF = YES;
				CLANG_WARN_OBJC_LITERAL_CONVERSION = YES;
				CLANG_WARN_OBJC_ROOT_CLASS = YES_ERROR;
				CLANG_WARN_QUOTED_INCLUDE_IN_FRAMEWORK_HEADER = YES;
				CLANG_WARN_RANGE_LOOP_ANALYSIS = YES;
				CLANG_WARN_STRICT_PROTOTYPES = YES;
				CLANG_WARN_SUSPICIOUS_MOVE = YES;
				CLANG_WARN_UNGUARDED_AVAILABILITY = YES_AGGRESSIVE;
				CLANG_WARN_UNREACHABLE_CODE = YES;
				CLANG_WARN__DUPLICATE_METHOD_MATCH = YES;
				COPY_PHASE_STRIP = NO;
				DEBUG_INFORMATION_FORMAT = dwarf;
				ENABLE_STRICT_OBJC_MSGSEND = YES;
				ENABLE_TESTABILITY = YES;
				ENABLE_USER_SCRIPT_SANDBOXING = YES;
				GCC_C_LANGUAGE_STANDARD = gnu17;
				GCC_DYNAMIC_NO_PIC = NO;
				GCC_NO_COMMON_BLOCKS = YES;
				GCC_OPTIMIZATION_LEVEL = 0;
				GCC_PREPROCESSOR_DEFINITIONS = (
					"DEBUG=1",
					"$(inherited)",
				);
				GCC_WARN_64_TO_32_BIT_CONVERSION = YES;
				GCC_WARN_ABOUT_RETURN_TYPE = YES_ERROR;
				GCC_WARN_UNDECLARED_SELECTOR = YES;
				GCC_WARN_UNINITIALIZED_AUTOS = YES_AGGRESSIVE;
				GCC_WARN_UNUSED_FUNCTION = YES;
				GCC_WARN_UNUSED_VARIABLE = YES;
				LOCALIZATION_PREFERS_STRING_CATALOGS = YES;
				MTL_ENABLE_DEBUG_INFO = INCLUDE_SOURCE;
				MTL_FAST_MATH = YES;
				ONLY_ACTIVE_ARCH = YES;
				SDKROOT = xros;
				SWIFT_ACTIVE_COMPILATION_CONDITIONS = "DEBUG $(inherited)";
				SWIFT_OPTIMIZATION_LEVEL = "-Onone";
				XROS_DEPLOYMENT_TARGET = 1.2;
			};
			name = Debug;
		};
		3B694FD32C74D73700CC2BE1 /* Release */ = {
			isa = XCBuildConfiguration;
			buildSettings = {
				ALWAYS_SEARCH_USER_PATHS = NO;
				ASSETCATALOG_COMPILER_GENERATE_SWIFT_ASSET_SYMBOL_EXTENSIONS = YES;
				CLANG_ANALYZER_NONNULL = YES;
				CLANG_ANALYZER_NUMBER_OBJECT_CONVERSION = YES_AGGRESSIVE;
				CLANG_CXX_LANGUAGE_STANDARD = "gnu++20";
				CLANG_ENABLE_MODULES = YES;
				CLANG_ENABLE_OBJC_ARC = YES;
				CLANG_ENABLE_OBJC_WEAK = YES;
				CLANG_WARN_BLOCK_CAPTURE_AUTORELEASING = YES;
				CLANG_WARN_BOOL_CONVERSION = YES;
				CLANG_WARN_COMMA = YES;
				CLANG_WARN_CONSTANT_CONVERSION = YES;
				CLANG_WARN_DEPRECATED_OBJC_IMPLEMENTATIONS = YES;
				CLANG_WARN_DIRECT_OBJC_ISA_USAGE = YES_ERROR;
				CLANG_WARN_DOCUMENTATION_COMMENTS = YES;
				CLANG_WARN_EMPTY_BODY = YES;
				CLANG_WARN_ENUM_CONVERSION = YES;
				CLANG_WARN_INFINITE_RECURSION = YES;
				CLANG_WARN_INT_CONVERSION = YES;
				CLANG_WARN_NON_LITERAL_NULL_CONVERSION = YES;
				CLANG_WARN_OBJC_IMPLICIT_RETAIN_SELF = YES;
				CLANG_WARN_OBJC_LITERAL_CONVERSION = YES;
				CLANG_WARN_OBJC_ROOT_CLASS = YES_ERROR;
				CLANG_WARN_QUOTED_INCLUDE_IN_FRAMEWORK_HEADER = YES;
				CLANG_WARN_RANGE_LOOP_ANALYSIS = YES;
				CLANG_WARN_STRICT_PROTOTYPES = YES;
				CLANG_WARN_SUSPICIOUS_MOVE = YES;
				CLANG_WARN_UNGUARDED_AVAILABILITY = YES_AGGRESSIVE;
				CLANG_WARN_UNREACHABLE_CODE = YES;
				CLANG_WARN__DUPLICATE_METHOD_MATCH = YES;
				COPY_PHASE_STRIP = NO;
				DEBUG_INFORMATION_FORMAT = "dwarf-with-dsym";
				ENABLE_NS_ASSERTIONS = NO;
				ENABLE_STRICT_OBJC_MSGSEND = YES;
				ENABLE_USER_SCRIPT_SANDBOXING = YES;
				GCC_C_LANGUAGE_STANDARD = gnu17;
				GCC_NO_COMMON_BLOCKS = YES;
				GCC_WARN_64_TO_32_BIT_CONVERSION = YES;
				GCC_WARN_ABOUT_RETURN_TYPE = YES_ERROR;
				GCC_WARN_UNDECLARED_SELECTOR = YES;
				GCC_WARN_UNINITIALIZED_AUTOS = YES_AGGRESSIVE;
				GCC_WARN_UNUSED_FUNCTION = YES;
				GCC_WARN_UNUSED_VARIABLE = YES;
				LOCALIZATION_PREFERS_STRING_CATALOGS = YES;
				MTL_ENABLE_DEBUG_INFO = NO;
				MTL_FAST_MATH = YES;
				SDKROOT = xros;
				SWIFT_COMPILATION_MODE = wholemodule;
				VALIDATE_PRODUCT = YES;
				XROS_DEPLOYMENT_TARGET = 1.2;
			};
			name = Release;
		};
		3B694FD52C74D73700CC2BE1 /* Debug */ = {
			isa = XCBuildConfiguration;
			buildSettings = {
				ASSETCATALOG_COMPILER_APPICON_NAME = AppIcon;
				ASSETCATALOG_COMPILER_GLOBAL_ACCENT_COLOR_NAME = AccentColor;
				CODE_SIGN_STYLE = Automatic;
				CURRENT_PROJECT_VERSION = 1;
				DEVELOPMENT_ASSET_PATHS = "\"virtualShoes/Preview Content\"";
				DEVELOPMENT_TEAM = 649L9QKN7D;
				ENABLE_PREVIEWS = YES;
				GENERATE_INFOPLIST_FILE = YES;
				INFOPLIST_FILE = "$(TARGET_NAME)/Info.plist";
				LD_RUNPATH_SEARCH_PATHS = (
					"$(inherited)",
					"@executable_path/Frameworks",
				);
				MARKETING_VERSION = 1.0;
				PRODUCT_BUNDLE_IDENTIFIER = nuvolsdev.virtualShoes;
				PRODUCT_NAME = "$(TARGET_NAME)";
				SUPPORTED_PLATFORMS = "xros xrsimulator";
				SWIFT_EMIT_LOC_STRINGS = YES;
				SWIFT_VERSION = 5.0;
				TARGETED_DEVICE_FAMILY = "1,2,7";
			};
			name = Debug;
		};
		3B694FD62C74D73700CC2BE1 /* Release */ = {
			isa = XCBuildConfiguration;
			buildSettings = {
				ASSETCATALOG_COMPILER_APPICON_NAME = AppIcon;
				ASSETCATALOG_COMPILER_GLOBAL_ACCENT_COLOR_NAME = AccentColor;
				CODE_SIGN_STYLE = Automatic;
				CURRENT_PROJECT_VERSION = 1;
				DEVELOPMENT_ASSET_PATHS = "\"virtualShoes/Preview Content\"";
				DEVELOPMENT_TEAM = 649L9QKN7D;
				ENABLE_PREVIEWS = YES;
				GENERATE_INFOPLIST_FILE = YES;
				INFOPLIST_FILE = "$(TARGET_NAME)/Info.plist";
				LD_RUNPATH_SEARCH_PATHS = (
					"$(inherited)",
					"@executable_path/Frameworks",
				);
				MARKETING_VERSION = 1.0;
				PRODUCT_BUNDLE_IDENTIFIER = nuvolsdev.virtualShoes;
				PRODUCT_NAME = "$(TARGET_NAME)";
				SUPPORTED_PLATFORMS = "xros xrsimulator";
				SWIFT_EMIT_LOC_STRINGS = YES;
				SWIFT_VERSION = 5.0;
				TARGETED_DEVICE_FAMILY = "1,2,7";
			};
			name = Release;
		};
/* End XCBuildConfiguration section */

/* Begin XCConfigurationList section */
		3B694FBC2C74D73500CC2BE1 /* Build configuration list for PBXProject "virtualShoes" */ = {
			isa = XCConfigurationList;
			buildConfigurations = (
				3B694FD22C74D73700CC2BE1 /* Debug */,
				3B694FD32C74D73700CC2BE1 /* Release */,
			);
			defaultConfigurationIsVisible = 0;
			defaultConfigurationName = Release;
		};
		3B694FD42C74D73700CC2BE1 /* Build configuration list for PBXNativeTarget "virtualShoes" */ = {
			isa = XCConfigurationList;
			buildConfigurations = (
				3B694FD52C74D73700CC2BE1 /* Debug */,
				3B694FD62C74D73700CC2BE1 /* Release */,
			);
			defaultConfigurationIsVisible = 0;
			defaultConfigurationName = Release;
		};
/* End XCConfigurationList section */

/* Begin XCLocalSwiftPackageReference section */
		3B694FDB2C74D89800CC2BE1 /* XCLocalSwiftPackageReference "../shoes3D" */ = {
			isa = XCLocalSwiftPackageReference;
			relativePath = ../shoes3D;
		};
/* End XCLocalSwiftPackageReference section */

/* Begin XCSwiftPackageProductDependency section */
		3B694FDC2C74D89800CC2BE1 /* shoes3D */ = {
			isa = XCSwiftPackageProductDependency;
			productName = shoes3D;
		};
/* End XCSwiftPackageProductDependency section */
	};
	rootObject = 3B694FB92C74D73500CC2BE1 /* Project object */;
}
